
Microsoft Visual Studio Solution File, Format Version 12.00
# Visual Studio Version 17
VisualStudioVersion = 17.11.35222.181
MinimumVisualStudioVersion = 10.0.40219.1
Project("{2150E333-8FDC-42A3-9474-1A3956D46DE8}") = "src", "src", "{F4AEDA6B-A1BA-4BAB-80A5-C0FF05927446}"
EndProject
Project("{2150E333-8FDC-42A3-9474-1A3956D46DE8}") = "tests", "tests", "{E6F81154-C241-46C1-9F60-7C51D9E4E1FC}"
EndProject
Project("{FAE04EC0-301F-11D3-BF4B-00C04F79EFBC}") = "CashFlow.Api", "src\CashFlow.Api\CashFlow.Api.csproj", "{0DBC948D-6B03-43CE-9C58-3C3D60AE2342}"
EndProject
Project("{FAE04EC0-301F-11D3-BF4B-00C04F79EFBC}") = "CashFlow.Domain", "src\CashFlow.Domain\CashFlow.Domain.csproj", "{6DA5F569-E087-4696-9A31-954B34316002}"
EndProject
Project("{FAE04EC0-301F-11D3-BF4B-00C04F79EFBC}") = "CashFlow.Application", "src\CashFlow.Application\CashFlow.Application.csproj", "{F15F1F9D-76F2-4991-B2BB-E993DEF698FA}"
EndProject
Project("{FAE04EC0-301F-11D3-BF4B-00C04F79EFBC}") = "CashFlow.Communication", "src\CashFlow.Communication\CashFlow.Communication.csproj", "{940417DD-5DE6-40CD-8EC7-A5E3F4D4D3C7}"
EndProject
Project("{FAE04EC0-301F-11D3-BF4B-00C04F79EFBC}") = "CashFlow.Exception", "src\CashFlow.Exception\CashFlow.Exception.csproj", "{C5B23104-BB86-4202-A0F4-6A4644B1C9B6}"
EndProject
Project("{FAE04EC0-301F-11D3-BF4B-00C04F79EFBC}") = "CashFlow.Infrastructure", "src\CashFlow.Infrastructure\CashFlow.Infrastructure.csproj", "{C104EEF9-5A57-4E43-945C-A0858E32F2E5}"
EndProject
Project("{FAE04EC0-301F-11D3-BF4B-00C04F79EFBC}") = "Validator.Tests", "tests\Validator.Tests\Validator.Tests.csproj", "{0DBE5C84-7619-4503-9D41-82A17008F8B1}"
EndProject
Project("{FAE04EC0-301F-11D3-BF4B-00C04F79EFBC}") = "CommonTestUtilities", "tests\CommonTestUtilities\CommonTestUtilities.csproj", "{7E0DEFE2-07A6-4A14-967D-DB0559405031}"
EndProject
Global
	GlobalSection(SolutionConfigurationPlatforms) = preSolution
		Debug|Any CPU = Debug|Any CPU
		Release|Any CPU = Release|Any CPU
	EndGlobalSection
	GlobalSection(ProjectConfigurationPlatforms) = postSolution
		{0DBC948D-6B03-43CE-9C58-3C3D60AE2342}.Debug|Any CPU.ActiveCfg = Debug|Any CPU
		{0DBC948D-6B03-43CE-9C58-3C3D60AE2342}.Debug|Any CPU.Build.0 = Debug|Any CPU
		{0DBC948D-6B03-43CE-9C58-3C3D60AE2342}.Release|Any CPU.ActiveCfg = Release|Any CPU
		{0DBC948D-6B03-43CE-9C58-3C3D60AE2342}.Release|Any CPU.Build.0 = Release|Any CPU
		{6DA5F569-E087-4696-9A31-954B34316002}.Debug|Any CPU.ActiveCfg = Debug|Any CPU
		{6DA5F569-E087-4696-9A31-954B34316002}.Debug|Any CPU.Build.0 = Debug|Any CPU
		{6DA5F569-E087-4696-9A31-954B34316002}.Release|Any CPU.ActiveCfg = Release|Any CPU
		{6DA5F569-E087-4696-9A31-954B34316002}.Release|Any CPU.Build.0 = Release|Any CPU
		{F15F1F9D-76F2-4991-B2BB-E993DEF698FA}.Debug|Any CPU.ActiveCfg = Debug|Any CPU
		{F15F1F9D-76F2-4991-B2BB-E993DEF698FA}.Debug|Any CPU.Build.0 = Debug|Any CPU
		{F15F1F9D-76F2-4991-B2BB-E993DEF698FA}.Release|Any CPU.ActiveCfg = Release|Any CPU
		{F15F1F9D-76F2-4991-B2BB-E993DEF698FA}.Release|Any CPU.Build.0 = Release|Any CPU
		{940417DD-5DE6-40CD-8EC7-A5E3F4D4D3C7}.Debug|Any CPU.ActiveCfg = Debug|Any CPU
		{940417DD-5DE6-40CD-8EC7-A5E3F4D4D3C7}.Debug|Any CPU.Build.0 = Debug|Any CPU
		{940417DD-5DE6-40CD-8EC7-A5E3F4D4D3C7}.Release|Any CPU.ActiveCfg = Release|Any CPU
		{940417DD-5DE6-40CD-8EC7-A5E3F4D4D3C7}.Release|Any CPU.Build.0 = Release|Any CPU
		{C5B23104-BB86-4202-A0F4-6A4644B1C9B6}.Debug|Any CPU.ActiveCfg = Debug|Any CPU
		{C5B23104-BB86-4202-A0F4-6A4644B1C9B6}.Debug|Any CPU.Build.0 = Debug|Any CPU
		{C5B23104-BB86-4202-A0F4-6A4644B1C9B6}.Release|Any CPU.ActiveCfg = Release|Any CPU
		{C5B23104-BB86-4202-A0F4-6A4644B1C9B6}.Release|Any CPU.Build.0 = Release|Any CPU
		{C104EEF9-5A57-4E43-945C-A0858E32F2E5}.Debug|Any CPU.ActiveCfg = Debug|Any CPU
		{C104EEF9-5A57-4E43-945C-A0858E32F2E5}.Debug|Any CPU.Build.0 = Debug|Any CPU
		{C104EEF9-5A57-4E43-945C-A0858E32F2E5}.Release|Any CPU.ActiveCfg = Release|Any CPU
		{C104EEF9-5A57-4E43-945C-A0858E32F2E5}.Release|Any CPU.Build.0 = Release|Any CPU
		{0DBE5C84-7619-4503-9D41-82A17008F8B1}.Debug|Any CPU.ActiveCfg = Debug|Any CPU
		{0DBE5C84-7619-4503-9D41-82A17008F8B1}.Debug|Any CPU.Build.0 = Debug|Any CPU
		{0DBE5C84-7619-4503-9D41-82A17008F8B1}.Release|Any CPU.ActiveCfg = Release|Any CPU
		{0DBE5C84-7619-4503-9D41-82A17008F8B1}.Release|Any CPU.Build.0 = Release|Any CPU
		{7E0DEFE2-07A6-4A14-967D-DB0559405031}.Debug|Any CPU.ActiveCfg = Debug|Any CPU
		{7E0DEFE2-07A6-4A14-967D-DB0559405031}.Debug|Any CPU.Build.0 = Debug|Any CPU
		{7E0DEFE2-07A6-4A14-967D-DB0559405031}.Release|Any CPU.ActiveCfg = Release|Any CPU
		{7E0DEFE2-07A6-4A14-967D-DB0559405031}.Release|Any CPU.Build.0 = Release|Any CPU
	EndGlobalSection
	GlobalSection(SolutionProperties) = preSolution
		HideSolutionNode = FALSE
	EndGlobalSection
	GlobalSection(NestedProjects) = preSolution
		{0DBC948D-6B03-43CE-9C58-3C3D60AE2342} = {F4AEDA6B-A1BA-4BAB-80A5-C0FF05927446}
		{6DA5F569-E087-4696-9A31-954B34316002} = {F4AEDA6B-A1BA-4BAB-80A5-C0FF05927446}
		{F15F1F9D-76F2-4991-B2BB-E993DEF698FA} = {F4AEDA6B-A1BA-4BAB-80A5-C0FF05927446}
		{940417DD-5DE6-40CD-8EC7-A5E3F4D4D3C7} = {F4AEDA6B-A1BA-4BAB-80A5-C0FF05927446}
		{C5B23104-BB86-4202-A0F4-6A4644B1C9B6} = {F4AEDA6B-A1BA-4BAB-80A5-C0FF05927446}
		{C104EEF9-5A57-4E43-945C-A0858E32F2E5} = {F4AEDA6B-A1BA-4BAB-80A5-C0FF05927446}
		{0DBE5C84-7619-4503-9D41-82A17008F8B1} = {E6F81154-C241-46C1-9F60-7C51D9E4E1FC}
		{7E0DEFE2-07A6-4A14-967D-DB0559405031} = {E6F81154-C241-46C1-9F60-7C51D9E4E1FC}
	EndGlobalSection
	GlobalSection(ExtensibilityGlobals) = postSolution
		SolutionGuid = {5A25DC4F-FFF7-45D4-9C24-4E6D82BB85A1}
	EndGlobalSection
EndGlobal
